// !$*UTF8*$!
{
	archiveVersion = 1;
	classes = {
	};
	objectVersion = 46;
	objects = {

/* Begin PBXBuildFile section */
		CB7E6A0B19EE78B100237988 /* main.m in Sources */ = {isa = PBXBuildFile; fileRef = CB7E6A0A19EE78B100237988 /* main.m */; };
		CB7E6A0E19EE78B100237988 /* AppDelegate.m in Sources */ = {isa = PBXBuildFile; fileRef = CB7E6A0D19EE78B100237988 /* AppDelegate.m */; };
		CB7E6A1119EE78B100237988 /* ViewController.m in Sources */ = {isa = PBXBuildFile; fileRef = CB7E6A1019EE78B100237988 /* ViewController.m */; };
		CB7E6A1419EE78B100237988 /* Main.storyboard in Resources */ = {isa = PBXBuildFile; fileRef = CB7E6A1219EE78B100237988 /* Main.storyboard */; };
		CB7E6A1619EE78B100237988 /* Images.xcassets in Resources */ = {isa = PBXBuildFile; fileRef = CB7E6A1519EE78B100237988 /* Images.xcassets */; };
		CB7E6A2219EE78B100237988 /* keuboardTests.m in Sources */ = {isa = PBXBuildFile; fileRef = CB7E6A2119EE78B100237988 /* keuboardTests.m */; };
/* End PBXBuildFile section */

/* Begin PBXContainerItemProxy section */
		CB7E6A1C19EE78B100237988 /* PBXContainerItemProxy */ = {
			isa = PBXContainerItemProxy;
			containerPortal = CB7E69FD19EE78B000237988 /* Project object */;
			proxyType = 1;
			remoteGlobalIDString = CB7E6A0419EE78B100237988;
			remoteInfo = keuboard;
		};
/* End PBXContainerItemProxy section */

/* Begin PBXFileReference section */
		CB7E6A0519EE78B100237988 /* keuboard.app */ = {isa = PBXFileReference; explicitFileType = wrapper.application; includeInIndex = 0; path = keuboard.app; sourceTree = BUILT_PRODUCTS_DIR; };
		CB7E6A0919EE78B100237988 /* Info.plist */ = {isa = PBXFileReference; lastKnownFileType = text.plist.xml; path = Info.plist; sourceTree = "<group>"; };
		CB7E6A0A19EE78B100237988 /* main.m */ = {isa = PBXFileReference; lastKnownFileType = sourcecode.c.objc; path = main.m; sourceTree = "<group>"; };
		CB7E6A0C19EE78B100237988 /* AppDelegate.h */ = {isa = PBXFileReference; lastKnownFileType = sourcecode.c.h; path = AppDelegate.h; sourceTree = "<group>"; };
		CB7E6A0D19EE78B100237988 /* AppDelegate.m */ = {isa = PBXFileReference; lastKnownFileType = sourcecode.c.objc; path = AppDelegate.m; sourceTree = "<group>"; };
		CB7E6A0F19EE78B100237988 /* ViewController.h */ = {isa = PBXFileReference; lastKnownFileType = sourcecode.c.h; path = ViewController.h; sourceTree = "<group>"; };
		CB7E6A1019EE78B100237988 /* ViewController.m */ = {isa = PBXFileReference; lastKnownFileType = sourcecode.c.objc; path = ViewController.m; sourceTree = "<group>"; };
		CB7E6A1319EE78B100237988 /* Base */ = {isa = PBXFileReference; lastKnownFileType = file.storyboard; name = Base; path = Base.lproj/Main.storyboard; sourceTree = "<group>"; };
		CB7E6A1519EE78B100237988 /* Images.xcassets */ = {isa = PBXFileReference; lastKnownFileType = folder.assetcatalog; path = Images.xcassets; sourceTree = "<group>"; };
		CB7E6A1B19EE78B100237988 /* keuboardTests.xctest */ = {isa = PBXFileReference; explicitFileType = wrapper.cfbundle; includeInIndex = 0; path = keuboardTests.xctest; sourceTree = BUILT_PRODUCTS_DIR; };
		CB7E6A2019EE78B100237988 /* Info.plist */ = {isa = PBXFileReference; lastKnownFileType = text.plist.xml; path = Info.plist; sourceTree = "<group>"; };
		CB7E6A2119EE78B100237988 /* keuboardTests.m */ = {isa = PBXFileReference; lastKnownFileType = sourcecode.c.objc; path = keuboardTests.m; sourceTree = "<group>"; };
/* End PBXFileReference section */

/* Begin PBXFrameworksBuildPhase section */
		CB7E6A0219EE78B100237988 /* Frameworks */ = {
			isa = PBXFrameworksBuildPhase;
			buildActionMask = 2147483647;
			files = (
			);
			runOnlyForDeploymentPostprocessing = 0;
		};
		CB7E6A1819EE78B100237988 /* Frameworks */ = {
			isa = PBXFrameworksBuildPhase;
			buildActionMask = 2147483647;
			files = (
			);
			runOnlyForDeploymentPostprocessing = 0;
		};
/* End PBXFrameworksBuildPhase section */

/* Begin PBXGroup section */
		CB7E69FC19EE78B000237988 = {
			isa = PBXGroup;
			children = (
				CB7E6A0719EE78B100237988 /* keuboard */,
				CB7E6A1E19EE78B100237988 /* keuboardTests */,
				CB7E6A0619EE78B100237988 /* Products */,
			);
			sourceTree = "<group>";
		};
		CB7E6A0619EE78B100237988 /* Products */ = {
			isa = PBXGroup;
			children = (
				CB7E6A0519EE78B100237988 /* keuboard.app */,
				CB7E6A1B19EE78B100237988 /* keuboardTests.xctest */,
			);
			name = Products;
			sourceTree = "<group>";
		};
		CB7E6A0719EE78B100237988 /* keuboard */ = {
			isa = PBXGroup;
			children = (
				CB7E6A0C19EE78B100237988 /* AppDelegate.h */,
				CB7E6A0D19EE78B100237988 /* AppDelegate.m */,
				CB7E6A0F19EE78B100237988 /* ViewController.h */,
				CB7E6A1019EE78B100237988 /* ViewController.m */,
				CB7E6A1219EE78B100237988 /* Main.storyboard */,
				CB7E6A1519EE78B100237988 /* Images.xcassets */,
				CB7E6A0819EE78B100237988 /* Supporting Files */,
			);
			path = keuboard;
			sourceTree = "<group>";
		};
		CB7E6A0819EE78B100237988 /* Supporting Files */ = {
			isa = PBXGroup;
			children = (
				CB7E6A0919EE78B100237988 /* Info.plist */,
				CB7E6A0A19EE78B100237988 /* main.m */,
			);
			name = "Supporting Files";
			sourceTree = "<group>";
		};
		CB7E6A1E19EE78B100237988 /* keuboardTests */ = {
			isa = PBXGroup;
			children = (
				CB7E6A2119EE78B100237988 /* keuboardTests.m */,
				CB7E6A1F19EE78B100237988 /* Supporting Files */,
			);
			path = keuboardTests;
			sourceTree = "<group>";
		};
		CB7E6A1F19EE78B100237988 /* Supporting Files */ = {
			isa = PBXGroup;
			children = (
				CB7E6A2019EE78B100237988 /* Info.plist */,
			);
			name = "Supporting Files";
			sourceTree = "<group>";
		};
/* End PBXGroup section */

/* Begin PBXNativeTarget section */
		CB7E6A0419EE78B100237988 /* keuboard */ = {
			isa = PBXNativeTarget;
			buildConfigurationList = CB7E6A2519EE78B100237988 /* Build configuration list for PBXNativeTarget "keuboard" */;
			buildPhases = (
				CB7E6A0119EE78B100237988 /* Sources */,
				CB7E6A0219EE78B100237988 /* Frameworks */,
				CB7E6A0319EE78B100237988 /* Resources */,
			);
			buildRules = (
			);
			dependencies = (
			);
			name = keuboard;
			productName = keuboard;
			productReference = CB7E6A0519EE78B100237988 /* keuboard.app */;
			productType = "com.apple.product-type.application";
		};
		CB7E6A1A19EE78B100237988 /* keuboardTests */ = {
			isa = PBXNativeTarget;
			buildConfigurationList = CB7E6A2819EE78B100237988 /* Build configuration list for PBXNativeTarget "keuboardTests" */;
			buildPhases = (
				CB7E6A1719EE78B100237988 /* Sources */,
				CB7E6A1819EE78B100237988 /* Frameworks */,
				CB7E6A1919EE78B100237988 /* Resources */,
			);
			buildRules = (
			);
			dependencies = (
				CB7E6A1D19EE78B100237988 /* PBXTargetDependency */,
			);
			name = keuboardTests;
			productName = keuboardTests;
			productReference = CB7E6A1B19EE78B100237988 /* keuboardTests.xctest */;
			productType = "com.apple.product-type.bundle.unit-test";
		};
/* End PBXNativeTarget section */

/* Begin PBXProject section */
		CB7E69FD19EE78B000237988 /* Project object */ = {
			isa = PBXProject;
			attributes = {
				LastUpgradeCheck = 0600;
				ORGANIZATIONNAME = "optimus-130";
				TargetAttributes = {
					CB7E6A0419EE78B100237988 = {
						CreatedOnToolsVersion = 6.0;
					};
					CB7E6A1A19EE78B100237988 = {
						CreatedOnToolsVersion = 6.0;
						TestTargetID = CB7E6A0419EE78B100237988;
					};
				};
			};
			buildConfigurationList = CB7E6A0019EE78B000237988 /* Build configuration list for PBXProject "keuboard" */;
			compatibilityVersion = "Xcode 3.2";
			developmentRegion = English;
			hasScannedForEncodings = 0;
			knownRegions = (
				en,
				Base,
			);
			mainGroup = CB7E69FC19EE78B000237988;
			productRefGroup = CB7E6A0619EE78B100237988 /* Products */;
			projectDirPath = "";
			projectRoot = "";
			targets = (
				CB7E6A0419EE78B100237988 /* keuboard */,
				CB7E6A1A19EE78B100237988 /* keuboardTests */,
			);
		};
/* End PBXProject section */

/* Begin PBXResourcesBuildPhase section */
		CB7E6A0319EE78B100237988 /* Resources */ = {
			isa = PBXResourcesBuildPhase;
			buildActionMask = 2147483647;
			files = (
				CB7E6A1419EE78B100237988 /* Main.storyboard in Resources */,
				CB7E6A1619EE78B100237988 /* Images.xcassets in Resources */,
			);
			runOnlyForDeploymentPostprocessing = 0;
		};
		CB7E6A1919EE78B100237988 /* Resources */ = {
			isa = PBXResourcesBuildPhase;
			buildActionMask = 2147483647;
			files = (
			);
			runOnlyForDeploymentPostprocessing = 0;
		};
/* End PBXResourcesBuildPhase section */

/* Begin PBXSourcesBuildPhase section */
		CB7E6A0119EE78B100237988 /* Sources */ = {
			isa = PBXSourcesBuildPhase;
			buildActionMask = 2147483647;
			files = (
				CB7E6A1119EE78B100237988 /* ViewController.m in Sources */,
				CB7E6A0E19EE78B100237988 /* AppDelegate.m in Sources */,
				CB7E6A0B19EE78B100237988 /* main.m in Sources */,
			);
			runOnlyForDeploymentPostprocessing = 0;
		};
		CB7E6A1719EE78B100237988 /* Sources */ = {
			isa = PBXSourcesBuildPhase;
			buildActionMask = 2147483647;
			files = (
				CB7E6A2219EE78B100237988 /* keuboardTests.m in Sources */,
			);
			runOnlyForDeploymentPostprocessing = 0;
		};
/* End PBXSourcesBuildPhase section */

/* Begin PBXTargetDependency section */
		CB7E6A1D19EE78B100237988 /* PBXTargetDependency */ = {
			isa = PBXTargetDependency;
			target = CB7E6A0419EE78B100237988 /* keuboard */;
			targetProxy = CB7E6A1C19EE78B100237988 /* PBXContainerItemProxy */;
		};
/* End PBXTargetDependency section */

/* Begin PBXVariantGroup section */
		CB7E6A1219EE78B100237988 /* Main.storyboard */ = {
			isa = PBXVariantGroup;
			children = (
				CB7E6A1319EE78B100237988 /* Base */,
			);
			name = Main.storyboard;
			sourceTree = "<group>";
		};
/* End PBXVariantGroup section */

/* Begin XCBuildConfiguration section */
		CB7E6A2319EE78B100237988 /* Debug */ = {
			isa = XCBuildConfiguration;
			buildSettings = {
				ALWAYS_SEARCH_USER_PATHS = NO;
				CLANG_CXX_LANGUAGE_STANDARD = "gnu++0x";
				CLANG_CXX_LIBRARY = "libc++";
				CLANG_ENABLE_MODULES = YES;
				CLANG_ENABLE_OBJC_ARC = YES;
				CLANG_WARN_BOOL_CONVERSION = YES;
				CLANG_WARN_CONSTANT_CONVERSION = YES;
				CLANG_WARN_DIRECT_OBJC_ISA_USAGE = YES_ERROR;
				CLANG_WARN_EMPTY_BODY = YES;
				CLANG_WARN_ENUM_CONVERSION = YES;
				CLANG_WARN_INT_CONVERSION = YES;
				CLANG_WARN_OBJC_ROOT_CLASS = YES_ERROR;
				CLANG_WARN_UNREACHABLE_CODE = YES;
				CLANG_WARN__DUPLICATE_METHOD_MATCH = YES;
				"CODE_SIGN_IDENTITY[sdk=iphoneos*]" = "iPhone Developer";
				COPY_PHASE_STRIP = NO;
				ENABLE_STRICT_OBJC_MSGSEND = YES;
				GCC_C_LANGUAGE_STANDARD = gnu99;
				GCC_DYNAMIC_NO_PIC = NO;
				GCC_OPTIMIZATION_LEVEL = 0;
				GCC_PREPROCESSOR_DEFINITIONS = (
					"DEBUG=1",
					"$(inherited)",
				);
				GCC_SYMBOLS_PRIVATE_EXTERN = NO;
				GCC_WARN_64_TO_32_BIT_CONVERSION = YES;
				GCC_WARN_ABOUT_RETURN_TYPE = YES_ERROR;
				GCC_WARN_UNDECLARED_SELECTOR = YES;
				GCC_WARN_UNINITIALIZED_AUTOS = YES_AGGRESSIVE;
				GCC_WARN_UNUSED_FUNCTION = YES;
				GCC_WARN_UNUSED_VARIABLE = YES;
				IPHONEOS_DEPLOYMENT_TARGET = 7.0;
				MTL_ENABLE_DEBUG_INFO = YES;
				ONLY_ACTIVE_ARCH = YES;
				SDKROOT = iphoneos;
			};
			name = Debug;
		};
		CB7E6A2419EE78B100237988 /* Release */ = {
			isa = XCBuildConfiguration;
			buildSettings = {
				ALWAYS_SEARCH_USER_PATHS = NO;
				CLANG_CXX_LANGUAGE_STANDARD = "gnu++0x";
				CLANG_CXX_LIBRARY = "libc++";
				CLANG_ENABLE_MODULES = YES;
				CLANG_ENABLE_OBJC_ARC = YES;
				CLANG_WARN_BOOL_CONVERSION = YES;
				CLANG_WARN_CONSTANT_CONVERSION = YES;
				CLANG_WARN_DIRECT_OBJC_ISA_USAGE = YES_ERROR;
				CLANG_WARN_EMPTY_BODY = YES;
				CLANG_WARN_ENUM_CONVERSION = YES;
				CLANG_WARN_INT_CONVERSION = YES;
				CLANG_WARN_OBJC_ROOT_CLASS = YES_ERROR;
				CLANG_WARN_UNREACHABLE_CODE = YES;
				CLANG_WARN__DUPLICATE_METHOD_MATCH = YES;
				"CODE_SIGN_IDENTITY[sdk=iphoneos*]" = "iPhone Developer";
				COPY_PHASE_STRIP = YES;
				ENABLE_NS_ASSERTIONS = NO;
				ENABLE_STRICT_OBJC_MSGSEND = YES;
				GCC_C_LANGUAGE_STANDARD = gnu99;
				GCC_WARN_64_TO_32_BIT_CONVERSION = YES;
				GCC_WARN_ABOUT_RETURN_TYPE = YES_ERROR;
				GCC_WARN_UNDECLARED_SELECTOR = YES;
				GCC_WARN_UNINITIALIZED_AUTOS = YES_AGGRESSIVE;
				GCC_WARN_UNUSED_FUNCTION = YES;
				GCC_WARN_UNUSED_VARIABLE = YES;
				IPHONEOS_DEPLOYMENT_TARGET = 7.0;
				MTL_ENABLE_DEBUG_INFO = NO;
				SDKROOT = iphoneos;
				VALIDATE_PRODUCT = YES;
			};
			name = Release;
		};
		CB7E6A2619EE78B100237988 /* Debug */ = {
			isa = XCBuildConfiguration;
			buildSettings = {
				ASSETCATALOG_COMPILER_APPICON_NAME = AppIcon;
				ASSETCATALOG_COMPILER_LAUNCHIMAGE_NAME = LaunchImage;
				CODE_SIGN_IDENTITY = "iPhone Developer: Pankaj Agarwal (65562YRYQ8)";
				INFOPLIST_FILE = keuboard/Info.plist;
				LD_RUNPATH_SEARCH_PATHS = "$(inherited) @executable_path/Frameworks";
				ONLY_ACTIVE_ARCH = YES;
				PRODUCT_NAME = "$(TARGET_NAME)";
				PROVISIONING_PROFILE = "4A5C1085-EE28-4A88-96EF-059036CDE6EF";
			};
			name = Debug;
		};
		CB7E6A2719EE78B100237988 /* Release */ = {
			isa = XCBuildConfiguration;
			buildSettings = {
				ASSETCATALOG_COMPILER_APPICON_NAME = AppIcon;
				ASSETCATALOG_COMPILER_LAUNCHIMAGE_NAME = LaunchImage;
				CODE_SIGN_IDENTITY = "iPhone Developer: Pankaj Agarwal (65562YRYQ8)";
				INFOPLIST_FILE = keuboard/Info.plist;
				LD_RUNPATH_SEARCH_PATHS = "$(inherited) @executable_path/Frameworks";
				ONLY_ACTIVE_ARCH = YES;
				PRODUCT_NAME = "$(TARGET_NAME)";
				PROVISIONING_PROFILE = "4A5C1085-EE28-4A88-96EF-059036CDE6EF";
			};
			name = Release;
		};
		CB7E6A2919EE78B100237988 /* Debug */ = {
			isa = XCBuildConfiguration;
			buildSettings = {
				BUNDLE_LOADER = "$(BUILT_PRODUCTS_DIR)/keuboard.app/keuboard";
				FRAMEWORK_SEARCH_PATHS = (
					"$(SDKROOT)/Developer/Library/Frameworks",
					"$(inherited)",
				);
				GCC_PREPROCESSOR_DEFINITIONS = (
					"DEBUG=1",
					"$(inherited)",
				);
				INFOPLIST_FILE = keuboardTests/Info.plist;
				LD_RUNPATH_SEARCH_PATHS = "$(inherited) @executable_path/Frameworks @loader_path/Frameworks";
				PRODUCT_NAME = "$(TARGET_NAME)";
				TEST_HOST = "$(BUNDLE_LOADER)";
			};
			name = Debug;
		};
		CB7E6A2A19EE78B100237988 /* Release */ = {
			isa = XCBuildConfiguration;
			buildSettings = {
				BUNDLE_LOADER = "$(BUILT_PRODUCTS_DIR)/keuboard.app/keuboard";
				FRAMEWORK_SEARCH_PATHS = (
					"$(SDKROOT)/Developer/Library/Frameworks",
					"$(inherited)",
				);
				INFOPLIST_FILE = keuboardTests/Info.plist;
				LD_RUNPATH_SEARCH_PATHS = "$(inherited) @executable_path/Frameworks @loader_path/Frameworks";
				PRODUCT_NAME = "$(TARGET_NAME)";
				TEST_HOST = "$(BUNDLE_LOADER)";
			};
			name = Release;
		};
/* End XCBuildConfiguration section */

/* Begin XCConfigurationList section */
		CB7E6A0019EE78B000237988 /* Build configuration list for PBXProject "keuboard" */ = {
			isa = XCConfigurationList;
			buildConfigurations = (
				CB7E6A2319EE78B100237988 /* Debug */,
				CB7E6A2419EE78B100237988 /* Release */,
			);
			defaultConfigurationIsVisible = 0;
			defaultConfigurationName = Release;
		};
		CB7E6A2519EE78B100237988 /* Build configuration list for PBXNativeTarget "keuboard" */ = {
			isa = XCConfigurationList;
			buildConfigurations = (
				CB7E6A2619EE78B100237988 /* Debug */,
				CB7E6A2719EE78B100237988 /* Release */,
			);
			defaultConfigurationIsVisible = 0;
			defaultConfigurationName = Release;
		};
		CB7E6A2819EE78B100237988 /* Build configuration list for PBXNativeTarget "keuboardTests" */ = {
			isa = XCConfigurationList;
			buildConfigurations = (
				CB7E6A2919EE78B100237988 /* Debug */,
				CB7E6A2A19EE78B100237988 /* Release */,
			);
			defaultConfigurationIsVisible = 0;
			defaultConfigurationName = Release;
		};
/* End XCConfigurationList section */
	};
	rootObject = CB7E69FD19EE78B000237988 /* Project object */;
}
